
Microsoft Visual Studio Solution File, Format Version 12.00
# Visual Studio Version 16
VisualStudioVersion = 16.0.29926.136
MinimumVisualStudioVersion = 10.0.40219.1
Project("{8BC9CEB8-8B4A-11D0-8D11-00A0C91BC942}") = "JP.Vehicle.MCU", "JP.Vehicle.MCU\JP.Vehicle.MCU.vcxproj", "{C5F80730-F44F-4478-BDAE-6634EFC2CA88}"
EndProject
Project("{8BC9CEB8-8B4A-11D0-8D11-00A0C91BC942}") = "JPTimekeeping", "JPTimekeeping\JPTimekeeping.vcxitems", "{E6F27580-CF85-4540-A3A3-357616F46D07}"
EndProject
Project("{8BC9CEB8-8B4A-11D0-8D11-00A0C91BC942}") = "JPTimekeeping_test", "JPTimekeeping_test\JPTimekeeping_test.vcxproj", "{C0160082-6B76-4BAD-9A69-F245B4E1307A}"
EndProject
Project("{8BC9CEB8-8B4A-11D0-8D11-00A0C91BC942}") = "JPLDR_test", "JPLDR_test\JPLDR_test.vcxproj", "{A955204F-A9BE-4682-A6CE-45D6E30EAFF1}"
EndProject
Project("{8BC9CEB8-8B4A-11D0-8D11-00A0C91BC942}") = "BulbWarmUp_test", "BulbWarmUp_test\BulbWarmUp_test.vcxproj", "{45E8E9E7-4585-4C7E-931D-2E2F09107B26}"
EndProject
Global
	GlobalSection(SharedMSBuildProjectFiles) = preSolution
		JPTimekeeping\JPTimekeeping.vcxitems*{c0160082-6b76-4bad-9a69-f245b4e1307a}*SharedItemsImports = 4
		JPTimekeeping\JPTimekeeping.vcxitems*{e6f27580-cf85-4540-a3a3-357616f46d07}*SharedItemsImports = 9
	EndGlobalSection
	GlobalSection(SolutionConfigurationPlatforms) = preSolution
		Debug|x86 = Debug|x86
		Release|x86 = Release|x86
	EndGlobalSection
	GlobalSection(ProjectConfigurationPlatforms) = postSolution
		{C5F80730-F44F-4478-BDAE-6634EFC2CA88}.Debug|x86.ActiveCfg = Debug|Win32
		{C5F80730-F44F-4478-BDAE-6634EFC2CA88}.Debug|x86.Build.0 = Debug|Win32
		{C5F80730-F44F-4478-BDAE-6634EFC2CA88}.Release|x86.ActiveCfg = Release|Win32
		{C5F80730-F44F-4478-BDAE-6634EFC2CA88}.Release|x86.Build.0 = Release|Win32
		{C0160082-6B76-4BAD-9A69-F245B4E1307A}.Debug|x86.ActiveCfg = Debug|Win32
		{C0160082-6B76-4BAD-9A69-F245B4E1307A}.Debug|x86.Build.0 = Debug|Win32
		{C0160082-6B76-4BAD-9A69-F245B4E1307A}.Release|x86.ActiveCfg = Release|Win32
		{C0160082-6B76-4BAD-9A69-F245B4E1307A}.Release|x86.Build.0 = Release|Win32
		{A955204F-A9BE-4682-A6CE-45D6E30EAFF1}.Debug|x86.ActiveCfg = Debug|Win32
		{A955204F-A9BE-4682-A6CE-45D6E30EAFF1}.Debug|x86.Build.0 = Debug|Win32
		{A955204F-A9BE-4682-A6CE-45D6E30EAFF1}.Release|x86.ActiveCfg = Release|Win32
		{A955204F-A9BE-4682-A6CE-45D6E30EAFF1}.Release|x86.Build.0 = Release|Win32
		{45E8E9E7-4585-4C7E-931D-2E2F09107B26}.Debug|x86.ActiveCfg = Debug|Win32
		{45E8E9E7-4585-4C7E-931D-2E2F09107B26}.Debug|x86.Build.0 = Debug|Win32
		{45E8E9E7-4585-4C7E-931D-2E2F09107B26}.Release|x86.ActiveCfg = Release|Win32
		{45E8E9E7-4585-4C7E-931D-2E2F09107B26}.Release|x86.Build.0 = Release|Win32
	EndGlobalSection
	GlobalSection(SolutionProperties) = preSolution
		HideSolutionNode = FALSE
	EndGlobalSection
	GlobalSection(ExtensibilityGlobals) = postSolution
		SolutionGuid = {6900C6CD-6EE5-4F58-97AD-DEFCABDACB50}
	EndGlobalSection
EndGlobal
